{
  "name": "ntrip-client",
  "version": "1.0.0",
  "lockfileVersion": 1,
  "requires": true,
  "dependencies": {
    "ntrip-decoder": {
      "version": "1.0.1",
      "resolved": "https://registry.npmjs.org/ntrip-decoder/-/ntrip-decoder-1.0.1.tgz",
      "integrity": "sha512-Un6jM+OR1kjrDwJARGnVYtpqRGbaVzbxJohx6WZ9Mem4LZg24wIYPe7+m+Q5Lws6W1v6yoLhdqL5F9xFYgyS+g=="
    }
  }
}
